<Solution>
  <Configurations>
    <Platform Name="x64" />
    <Platform Name="x86" />
  </Configurations>
  <Project Path="KubkiBackendCore/KubkiBackendCore.vcxproj" Id="55c798de-d9f8-4030-b547-3c009038969c" />
  <Project Path="KubkiConsole/KubkiConsole.vcxproj" Id="effd1eaf-f2f5-4565-a142-beb96dfa6279">
    <BuildDependency Project="KubkiBackendCore/KubkiBackendCore.vcxproj" />
  </Project>
</Solution>
